// !$*UTF8*$!
{
	archiveVersion = 1;
	classes = {
	};
	objectVersion = 56;
	objects = {

/* Begin PBXBuildFile section */
		754EFC592BB4B1CC00367FDD /* ChecklistTableViewCell.swift in Sources */ = {isa = PBXBuildFile; fileRef = 754EFC582BB4B1CC00367FDD /* ChecklistTableViewCell.swift */; };
		75BC048F2BBF303D004D2492 /* ImageViewController.swift in Sources */ = {isa = PBXBuildFile; fileRef = 75BC048E2BBF303D004D2492 /* ImageViewController.swift */; };
		A4BCC7502BAB7660004BAB7B /* AppDelegate.swift in Sources */ = {isa = PBXBuildFile; fileRef = A4BCC74F2BAB7660004BAB7B /* AppDelegate.swift */; };
		A4BCC7522BAB7660004BAB7B /* SceneDelegate.swift in Sources */ = {isa = PBXBuildFile; fileRef = A4BCC7512BAB7660004BAB7B /* SceneDelegate.swift */; };
		A4BCC7542BAB7660004BAB7B /* ChecklistViewController.swift in Sources */ = {isa = PBXBuildFile; fileRef = A4BCC7532BAB7660004BAB7B /* ChecklistViewController.swift */; };
		A4BCC7572BAB7660004BAB7B /* Base in Resources */ = {isa = PBXBuildFile; fileRef = A4BCC7562BAB7660004BAB7B /* Base */; };
		A4BCC7592BAB7661004BAB7B /* Assets.xcassets in Resources */ = {isa = PBXBuildFile; fileRef = A4BCC7582BAB7661004BAB7B /* Assets.xcassets */; };
		A4BCC75C2BAB7661004BAB7B /* Base in Resources */ = {isa = PBXBuildFile; fileRef = A4BCC75B2BAB7661004BAB7B /* Base */; };
		A4BCC7672BAB7C14004BAB7B /* ChecklistItem.swift in Sources */ = {isa = PBXBuildFile; fileRef = A4BCC7662BAB7C14004BAB7B /* ChecklistItem.swift */; };
		A4BCC7692BAB7CA9004BAB7B /* TodoList.swift in Sources */ = {isa = PBXBuildFile; fileRef = A4BCC7682BAB7CA9004BAB7B /* TodoList.swift */; };
		A4BCC76D2BAE1C0F004BAB7B /* AddItemViewController.swift in Sources */ = {isa = PBXBuildFile; fileRef = A4BCC76C2BAE1C0F004BAB7B /* AddItemViewController.swift */; };
/* End PBXBuildFile section */

/* Begin PBXFileReference section */
		754EFC582BB4B1CC00367FDD /* ChecklistTableViewCell.swift */ = {isa = PBXFileReference; lastKnownFileType = sourcecode.swift; path = ChecklistTableViewCell.swift; sourceTree = "<group>"; };
		75BC048E2BBF303D004D2492 /* ImageViewController.swift */ = {isa = PBXFileReference; lastKnownFileType = sourcecode.swift; path = ImageViewController.swift; sourceTree = "<group>"; };
		A4BCC74C2BAB7660004BAB7B /* to-do2.app */ = {isa = PBXFileReference; explicitFileType = wrapper.application; includeInIndex = 0; path = "to-do2.app"; sourceTree = BUILT_PRODUCTS_DIR; };
		A4BCC74F2BAB7660004BAB7B /* AppDelegate.swift */ = {isa = PBXFileReference; lastKnownFileType = sourcecode.swift; path = AppDelegate.swift; sourceTree = "<group>"; };
		A4BCC7512BAB7660004BAB7B /* SceneDelegate.swift */ = {isa = PBXFileReference; lastKnownFileType = sourcecode.swift; path = SceneDelegate.swift; sourceTree = "<group>"; };
		A4BCC7532BAB7660004BAB7B /* ChecklistViewController.swift */ = {isa = PBXFileReference; lastKnownFileType = sourcecode.swift; path = ChecklistViewController.swift; sourceTree = "<group>"; };
		A4BCC7562BAB7660004BAB7B /* Base */ = {isa = PBXFileReference; lastKnownFileType = file.storyboard; name = Base; path = Base.lproj/Main.storyboard; sourceTree = "<group>"; };
		A4BCC7582BAB7661004BAB7B /* Assets.xcassets */ = {isa = PBXFileReference; lastKnownFileType = folder.assetcatalog; path = Assets.xcassets; sourceTree = "<group>"; };
		A4BCC75B2BAB7661004BAB7B /* Base */ = {isa = PBXFileReference; lastKnownFileType = file.storyboard; name = Base; path = Base.lproj/LaunchScreen.storyboard; sourceTree = "<group>"; };
		A4BCC75D2BAB7661004BAB7B /* Info.plist */ = {isa = PBXFileReference; lastKnownFileType = text.plist.xml; path = Info.plist; sourceTree = "<group>"; };
		A4BCC7662BAB7C14004BAB7B /* ChecklistItem.swift */ = {isa = PBXFileReference; lastKnownFileType = sourcecode.swift; path = ChecklistItem.swift; sourceTree = "<group>"; };
		A4BCC7682BAB7CA9004BAB7B /* TodoList.swift */ = {isa = PBXFileReference; lastKnownFileType = sourcecode.swift; path = TodoList.swift; sourceTree = "<group>"; };
		A4BCC76C2BAE1C0F004BAB7B /* AddItemViewController.swift */ = {isa = PBXFileReference; lastKnownFileType = sourcecode.swift; path = AddItemViewController.swift; sourceTree = "<group>"; };
/* End PBXFileReference section */

/* Begin PBXFrameworksBuildPhase section */
		A4BCC7492BAB7660004BAB7B /* Frameworks */ = {
			isa = PBXFrameworksBuildPhase;
			buildActionMask = 2147483647;
			files = (
			);
			runOnlyForDeploymentPostprocessing = 0;
		};
/* End PBXFrameworksBuildPhase section */

/* Begin PBXGroup section */
		A4BCC7432BAB7660004BAB7B = {
			isa = PBXGroup;
			children = (
				A4BCC74E2BAB7660004BAB7B /* to-do2 */,
				A4BCC74D2BAB7660004BAB7B /* Products */,
			);
			sourceTree = "<group>";
		};
		A4BCC74D2BAB7660004BAB7B /* Products */ = {
			isa = PBXGroup;
			children = (
				A4BCC74C2BAB7660004BAB7B /* to-do2.app */,
			);
			name = Products;
			sourceTree = "<group>";
		};
		A4BCC74E2BAB7660004BAB7B /* to-do2 */ = {
			isa = PBXGroup;
			children = (
				A4BCC74F2BAB7660004BAB7B /* AppDelegate.swift */,
				A4BCC7512BAB7660004BAB7B /* SceneDelegate.swift */,
				A4BCC7652BAB7BD4004BAB7B /* Model */,
				A4BCC7632BAB7699004BAB7B /* Controller */,
				A4BCC7642BAB76A4004BAB7B /* View */,
				A4BCC7582BAB7661004BAB7B /* Assets.xcassets */,
				A4BCC75A2BAB7661004BAB7B /* LaunchScreen.storyboard */,
				A4BCC75D2BAB7661004BAB7B /* Info.plist */,
			);
			path = "to-do2";
			sourceTree = "<group>";
		};
		A4BCC7632BAB7699004BAB7B /* Controller */ = {
			isa = PBXGroup;
			children = (
				A4BCC7532BAB7660004BAB7B /* ChecklistViewController.swift */,
				A4BCC76C2BAE1C0F004BAB7B /* AddItemViewController.swift */,
				754EFC582BB4B1CC00367FDD /* ChecklistTableViewCell.swift */,
				75BC048E2BBF303D004D2492 /* ImageViewController.swift */,
			);
			path = Controller;
			sourceTree = "<group>";
		};
		A4BCC7642BAB76A4004BAB7B /* View */ = {
			isa = PBXGroup;
			children = (
				A4BCC7552BAB7660004BAB7B /* Main.storyboard */,
			);
			path = View;
			sourceTree = "<group>";
		};
		A4BCC7652BAB7BD4004BAB7B /* Model */ = {
			isa = PBXGroup;
			children = (
				A4BCC7662BAB7C14004BAB7B /* ChecklistItem.swift */,
				A4BCC7682BAB7CA9004BAB7B /* TodoList.swift */,
			);
			path = Model;
			sourceTree = "<group>";
		};
/* End PBXGroup section */

/* Begin PBXNativeTarget section */
		A4BCC74B2BAB7660004BAB7B /* to-do2 */ = {
			isa = PBXNativeTarget;
			buildConfigurationList = A4BCC7602BAB7661004BAB7B /* Build configuration list for PBXNativeTarget "to-do2" */;
			buildPhases = (
				A4BCC7482BAB7660004BAB7B /* Sources */,
				A4BCC7492BAB7660004BAB7B /* Frameworks */,
				A4BCC74A2BAB7660004BAB7B /* Resources */,
			);
			buildRules = (
			);
			dependencies = (
			);
			name = "to-do2";
			productName = "to-do1";
			productReference = A4BCC74C2BAB7660004BAB7B /* to-do2.app */;
			productType = "com.apple.product-type.application";
		};
/* End PBXNativeTarget section */

/* Begin PBXProject section */
		A4BCC7442BAB7660004BAB7B /* Project object */ = {
			isa = PBXProject;
			attributes = {
				BuildIndependentTargetsInParallel = 1;
				LastSwiftUpdateCheck = 1530;
				LastUpgradeCheck = 1530;
				TargetAttributes = {
					A4BCC74B2BAB7660004BAB7B = {
						CreatedOnToolsVersion = 15.3;
					};
				};
			};
			buildConfigurationList = A4BCC7472BAB7660004BAB7B /* Build configuration list for PBXProject "to-do2" */;
			compatibilityVersion = "Xcode 14.0";
			developmentRegion = en;
			hasScannedForEncodings = 0;
			knownRegions = (
				en,
				Base,
			);
			mainGroup = A4BCC7432BAB7660004BAB7B;
			productRefGroup = A4BCC74D2BAB7660004BAB7B /* Products */;
			projectDirPath = "";
			projectRoot = "";
			targets = (
				A4BCC74B2BAB7660004BAB7B /* to-do2 */,
			);
		};
/* End PBXProject section */

/* Begin PBXResourcesBuildPhase section */
		A4BCC74A2BAB7660004BAB7B /* Resources */ = {
			isa = PBXResourcesBuildPhase;
			buildActionMask = 2147483647;
			files = (
				A4BCC7592BAB7661004BAB7B /* Assets.xcassets in Resources */,
				A4BCC75C2BAB7661004BAB7B /* Base in Resources */,
				A4BCC7572BAB7660004BAB7B /* Base in Resources */,
			);
			runOnlyForDeploymentPostprocessing = 0;
		};
/* End PBXResourcesBuildPhase section */

/* Begin PBXSourcesBuildPhase section */
		A4BCC7482BAB7660004BAB7B /* Sources */ = {
			isa = PBXSourcesBuildPhase;
			buildActionMask = 2147483647;
			files = (
				A4BCC7692BAB7CA9004BAB7B /* TodoList.swift in Sources */,
				A4BCC7542BAB7660004BAB7B /* ChecklistViewController.swift in Sources */,
				A4BCC7502BAB7660004BAB7B /* AppDelegate.swift in Sources */,
				754EFC592BB4B1CC00367FDD /* ChecklistTableViewCell.swift in Sources */,
				A4BCC7522BAB7660004BAB7B /* SceneDelegate.swift in Sources */,
				A4BCC7672BAB7C14004BAB7B /* ChecklistItem.swift in Sources */,
				75BC048F2BBF303D004D2492 /* ImageViewController.swift in Sources */,
				A4BCC76D2BAE1C0F004BAB7B /* AddItemViewController.swift in Sources */,
			);
			runOnlyForDeploymentPostprocessing = 0;
		};
/* End PBXSourcesBuildPhase section */

/* Begin PBXVariantGroup section */
		A4BCC7552BAB7660004BAB7B /* Main.storyboard */ = {
			isa = PBXVariantGroup;
			children = (
				A4BCC7562BAB7660004BAB7B /* Base */,
			);
			name = Main.storyboard;
			sourceTree = "<group>";
		};
		A4BCC75A2BAB7661004BAB7B /* LaunchScreen.storyboard */ = {
			isa = PBXVariantGroup;
			children = (
				A4BCC75B2BAB7661004BAB7B /* Base */,
			);
			name = LaunchScreen.storyboard;
			sourceTree = "<group>";
		};
/* End PBXVariantGroup section */

/* Begin XCBuildConfiguration section */
		A4BCC75E2BAB7661004BAB7B /* Debug */ = {
			isa = XCBuildConfiguration;
			buildSettings = {
				ALWAYS_SEARCH_USER_PATHS = NO;
				ASSETCATALOG_COMPILER_GENERATE_SWIFT_ASSET_SYMBOL_EXTENSIONS = YES;
				CLANG_ANALYZER_NONNULL = YES;
				CLANG_ANALYZER_NUMBER_OBJECT_CONVERSION = YES_AGGRESSIVE;
				CLANG_CXX_LANGUAGE_STANDARD = "gnu++20";
				CLANG_ENABLE_MODULES = YES;
				CLANG_ENABLE_OBJC_ARC = YES;
				CLANG_ENABLE_OBJC_WEAK = YES;
				CLANG_WARN_BLOCK_CAPTURE_AUTORELEASING = YES;
				CLANG_WARN_BOOL_CONVERSION = YES;
				CLANG_WARN_COMMA = YES;
				CLANG_WARN_CONSTANT_CONVERSION = YES;
				CLANG_WARN_DEPRECATED_OBJC_IMPLEMENTATIONS = YES;
				CLANG_WARN_DIRECT_OBJC_ISA_USAGE = YES_ERROR;
				CLANG_WARN_DOCUMENTATION_COMMENTS = YES;
				CLANG_WARN_EMPTY_BODY = YES;
				CLANG_WARN_ENUM_CONVERSION = YES;
				CLANG_WARN_INFINITE_RECURSION = YES;
				CLANG_WARN_INT_CONVERSION = YES;
				CLANG_WARN_NON_LITERAL_NULL_CONVERSION = YES;
				CLANG_WARN_OBJC_IMPLICIT_RETAIN_SELF = YES;
				CLANG_WARN_OBJC_LITERAL_CONVERSION = YES;
				CLANG_WARN_OBJC_ROOT_CLASS = YES_ERROR;
				CLANG_WARN_QUOTED_INCLUDE_IN_FRAMEWORK_HEADER = YES;
				CLANG_WARN_RANGE_LOOP_ANALYSIS = YES;
				CLANG_WARN_STRICT_PROTOTYPES = YES;
				CLANG_WARN_SUSPICIOUS_MOVE = YES;
				CLANG_WARN_UNGUARDED_AVAILABILITY = YES_AGGRESSIVE;
				CLANG_WARN_UNREACHABLE_CODE = YES;
				CLANG_WARN__DUPLICATE_METHOD_MATCH = YES;
				COPY_PHASE_STRIP = NO;
				DEBUG_INFORMATION_FORMAT = dwarf;
				ENABLE_STRICT_OBJC_MSGSEND = YES;
				ENABLE_TESTABILITY = YES;
				ENABLE_USER_SCRIPT_SANDBOXING = YES;
				GCC_C_LANGUAGE_STANDARD = gnu17;
				GCC_DYNAMIC_NO_PIC = NO;
				GCC_NO_COMMON_BLOCKS = YES;
				GCC_OPTIMIZATION_LEVEL = 0;
				GCC_PREPROCESSOR_DEFINITIONS = (
					"DEBUG=1",
					"$(inherited)",
				);
				GCC_WARN_64_TO_32_BIT_CONVERSION = YES;
				GCC_WARN_ABOUT_RETURN_TYPE = YES_ERROR;
				GCC_WARN_UNDECLARED_SELECTOR = YES;
				GCC_WARN_UNINITIALIZED_AUTOS = YES_AGGRESSIVE;
				GCC_WARN_UNUSED_FUNCTION = YES;
				GCC_WARN_UNUSED_VARIABLE = YES;
				IPHONEOS_DEPLOYMENT_TARGET = 17.4;
				LOCALIZATION_PREFERS_STRING_CATALOGS = YES;
				MTL_ENABLE_DEBUG_INFO = INCLUDE_SOURCE;
				MTL_FAST_MATH = YES;
				ONLY_ACTIVE_ARCH = YES;
				SDKROOT = iphoneos;
				SWIFT_ACTIVE_COMPILATION_CONDITIONS = "DEBUG $(inherited)";
				SWIFT_OPTIMIZATION_LEVEL = "-Onone";
			};
			name = Debug;
		};
		A4BCC75F2BAB7661004BAB7B /* Release */ = {
			isa = XCBuildConfiguration;
			buildSettings = {
				ALWAYS_SEARCH_USER_PATHS = NO;
				ASSETCATALOG_COMPILER_GENERATE_SWIFT_ASSET_SYMBOL_EXTENSIONS = YES;
				CLANG_ANALYZER_NONNULL = YES;
				CLANG_ANALYZER_NUMBER_OBJECT_CONVERSION = YES_AGGRESSIVE;
				CLANG_CXX_LANGUAGE_STANDARD = "gnu++20";
				CLANG_ENABLE_MODULES = YES;
				CLANG_ENABLE_OBJC_ARC = YES;
				CLANG_ENABLE_OBJC_WEAK = YES;
				CLANG_WARN_BLOCK_CAPTURE_AUTORELEASING = YES;
				CLANG_WARN_BOOL_CONVERSION = YES;
				CLANG_WARN_COMMA = YES;
				CLANG_WARN_CONSTANT_CONVERSION = YES;
				CLANG_WARN_DEPRECATED_OBJC_IMPLEMENTATIONS = YES;
				CLANG_WARN_DIRECT_OBJC_ISA_USAGE = YES_ERROR;
				CLANG_WARN_DOCUMENTATION_COMMENTS = YES;
				CLANG_WARN_EMPTY_BODY = YES;
				CLANG_WARN_ENUM_CONVERSION = YES;
				CLANG_WARN_INFINITE_RECURSION = YES;
				CLANG_WARN_INT_CONVERSION = YES;
				CLANG_WARN_NON_LITERAL_NULL_CONVERSION = YES;
				CLANG_WARN_OBJC_IMPLICIT_RETAIN_SELF = YES;
				CLANG_WARN_OBJC_LITERAL_CONVERSION = YES;
				CLANG_WARN_OBJC_ROOT_CLASS = YES_ERROR;
				CLANG_WARN_QUOTED_INCLUDE_IN_FRAMEWORK_HEADER = YES;
				CLANG_WARN_RANGE_LOOP_ANALYSIS = YES;
				CLANG_WARN_STRICT_PROTOTYPES = YES;
				CLANG_WARN_SUSPICIOUS_MOVE = YES;
				CLANG_WARN_UNGUARDED_AVAILABILITY = YES_AGGRESSIVE;
				CLANG_WARN_UNREACHABLE_CODE = YES;
				CLANG_WARN__DUPLICATE_METHOD_MATCH = YES;
				COPY_PHASE_STRIP = NO;
				DEBUG_INFORMATION_FORMAT = "dwarf-with-dsym";
				ENABLE_NS_ASSERTIONS = NO;
				ENABLE_STRICT_OBJC_MSGSEND = YES;
				ENABLE_USER_SCRIPT_SANDBOXING = YES;
				GCC_C_LANGUAGE_STANDARD = gnu17;
				GCC_NO_COMMON_BLOCKS = YES;
				GCC_WARN_64_TO_32_BIT_CONVERSION = YES;
				GCC_WARN_ABOUT_RETURN_TYPE = YES_ERROR;
				GCC_WARN_UNDECLARED_SELECTOR = YES;
				GCC_WARN_UNINITIALIZED_AUTOS = YES_AGGRESSIVE;
				GCC_WARN_UNUSED_FUNCTION = YES;
				GCC_WARN_UNUSED_VARIABLE = YES;
				IPHONEOS_DEPLOYMENT_TARGET = 17.4;
				LOCALIZATION_PREFERS_STRING_CATALOGS = YES;
				MTL_ENABLE_DEBUG_INFO = NO;
				MTL_FAST_MATH = YES;
				SDKROOT = iphoneos;
				SWIFT_COMPILATION_MODE = wholemodule;
				VALIDATE_PRODUCT = YES;
			};
			name = Release;
		};
		A4BCC7612BAB7661004BAB7B /* Debug */ = {
			isa = XCBuildConfiguration;
			buildSettings = {
				ASSETCATALOG_COMPILER_APPICON_NAME = AppIcon;
				ASSETCATALOG_COMPILER_GLOBAL_ACCENT_COLOR_NAME = AccentColor;
				CODE_SIGN_STYLE = Automatic;
				CURRENT_PROJECT_VERSION = 1;
				GENERATE_INFOPLIST_FILE = YES;
				INFOPLIST_FILE = "to-do2/Info.plist";
				INFOPLIST_KEY_UIApplicationSupportsIndirectInputEvents = YES;
				INFOPLIST_KEY_UILaunchStoryboardName = LaunchScreen;
				INFOPLIST_KEY_UIMainStoryboardFile = Main;
				INFOPLIST_KEY_UISupportedInterfaceOrientations = UIInterfaceOrientationPortrait;
				INFOPLIST_KEY_UISupportedInterfaceOrientations_iPad = "UIInterfaceOrientationLandscapeLeft UIInterfaceOrientationLandscapeRight UIInterfaceOrientationPortrait UIInterfaceOrientationPortraitUpsideDown";
				IPHONEOS_DEPLOYMENT_TARGET = 15.0;
				LD_RUNPATH_SEARCH_PATHS = (
					"$(inherited)",
					"@executable_path/Frameworks",
				);
				MARKETING_VERSION = 1.0;
				PRODUCT_BUNDLE_IDENTIFIER = "com.hkim.to-do2";
				PRODUCT_NAME = "$(TARGET_NAME)";
				SWIFT_EMIT_LOC_STRINGS = YES;
				SWIFT_VERSION = 5.0;
				TARGETED_DEVICE_FAMILY = "1,2";
			};
			name = Debug;
		};
		A4BCC7622BAB7661004BAB7B /* Release */ = {
			isa = XCBuildConfiguration;
			buildSettings = {
				ASSETCATALOG_COMPILER_APPICON_NAME = AppIcon;
				ASSETCATALOG_COMPILER_GLOBAL_ACCENT_COLOR_NAME = AccentColor;
				CODE_SIGN_STYLE = Automatic;
				CURRENT_PROJECT_VERSION = 1;
				GENERATE_INFOPLIST_FILE = YES;
				INFOPLIST_FILE = "to-do2/Info.plist";
				INFOPLIST_KEY_UIApplicationSupportsIndirectInputEvents = YES;
				INFOPLIST_KEY_UILaunchStoryboardName = LaunchScreen;
				INFOPLIST_KEY_UIMainStoryboardFile = Main;
				INFOPLIST_KEY_UISupportedInterfaceOrientations = UIInterfaceOrientationPortrait;
				INFOPLIST_KEY_UISupportedInterfaceOrientations_iPad = "UIInterfaceOrientationLandscapeLeft UIInterfaceOrientationLandscapeRight UIInterfaceOrientationPortrait UIInterfaceOrientationPortraitUpsideDown";
				IPHONEOS_DEPLOYMENT_TARGET = 15.0;
				LD_RUNPATH_SEARCH_PATHS = (
					"$(inherited)",
					"@executable_path/Frameworks",
				);
				MARKETING_VERSION = 1.0;
				PRODUCT_BUNDLE_IDENTIFIER = "com.hkim.to-do2";
				PRODUCT_NAME = "$(TARGET_NAME)";
				SWIFT_EMIT_LOC_STRINGS = YES;
				SWIFT_VERSION = 5.0;
				TARGETED_DEVICE_FAMILY = "1,2";
			};
			name = Release;
		};
/* End XCBuildConfiguration section */

/* Begin XCConfigurationList section */
		A4BCC7472BAB7660004BAB7B /* Build configuration list for PBXProject "to-do2" */ = {
			isa = XCConfigurationList;
			buildConfigurations = (
				A4BCC75E2BAB7661004BAB7B /* Debug */,
				A4BCC75F2BAB7661004BAB7B /* Release */,
			);
			defaultConfigurationIsVisible = 0;
			defaultConfigurationName = Release;
		};
		A4BCC7602BAB7661004BAB7B /* Build configuration list for PBXNativeTarget "to-do2" */ = {
			isa = XCConfigurationList;
			buildConfigurations = (
				A4BCC7612BAB7661004BAB7B /* Debug */,
				A4BCC7622BAB7661004BAB7B /* Release */,
			);
			defaultConfigurationIsVisible = 0;
			defaultConfigurationName = Release;
		};
/* End XCConfigurationList section */
	};
	rootObject = A4BCC7442BAB7660004BAB7B /* Project object */;
}
